// !$*UTF8*$!
{
	archiveVersion = 1;
	classes = {
	};
	objectVersion = 56;
	objects = {

/* Begin PBXBuildFile section */
		14E1CD142CBFE14A00840B3D /* AppDelegate.swift in Sources */ = {isa = PBXBuildFile; fileRef = 14E1CD132CBFE14A00840B3D /* AppDelegate.swift */; };
		14E1CD162CBFE14A00840B3D /* SceneDelegate.swift in Sources */ = {isa = PBXBuildFile; fileRef = 14E1CD152CBFE14A00840B3D /* SceneDelegate.swift */; };
		14E1CD182CBFE14A00840B3D /* ViewController.swift in Sources */ = {isa = PBXBuildFile; fileRef = 14E1CD172CBFE14A00840B3D /* ViewController.swift */; };
		14E1CD1B2CBFE14A00840B3D /* Base in Resources */ = {isa = PBXBuildFile; fileRef = 14E1CD1A2CBFE14A00840B3D /* Base */; };
		14E1CD1D2CBFE14B00840B3D /* Assets.xcassets in Resources */ = {isa = PBXBuildFile; fileRef = 14E1CD1C2CBFE14B00840B3D /* Assets.xcassets */; };
		14E1CD202CBFE14B00840B3D /* Base in Resources */ = {isa = PBXBuildFile; fileRef = 14E1CD1F2CBFE14B00840B3D /* Base */; };
		14E1CD2B2CBFE14C00840B3D /* Hesap_MakinesiTests.swift in Sources */ = {isa = PBXBuildFile; fileRef = 14E1CD2A2CBFE14C00840B3D /* Hesap_MakinesiTests.swift */; };
		14E1CD352CBFE14C00840B3D /* Hesap_MakinesiUITests.swift in Sources */ = {isa = PBXBuildFile; fileRef = 14E1CD342CBFE14C00840B3D /* Hesap_MakinesiUITests.swift */; };
		14E1CD372CBFE14C00840B3D /* Hesap_MakinesiUITestsLaunchTests.swift in Sources */ = {isa = PBXBuildFile; fileRef = 14E1CD362CBFE14C00840B3D /* Hesap_MakinesiUITestsLaunchTests.swift */; };
/* End PBXBuildFile section */

/* Begin PBXContainerItemProxy section */
		14E1CD272CBFE14C00840B3D /* PBXContainerItemProxy */ = {
			isa = PBXContainerItemProxy;
			containerPortal = 14E1CD082CBFE14A00840B3D /* Project object */;
			proxyType = 1;
			remoteGlobalIDString = 14E1CD0F2CBFE14A00840B3D;
			remoteInfo = "Hesap Makinesi";
		};
		14E1CD312CBFE14C00840B3D /* PBXContainerItemProxy */ = {
			isa = PBXContainerItemProxy;
			containerPortal = 14E1CD082CBFE14A00840B3D /* Project object */;
			proxyType = 1;
			remoteGlobalIDString = 14E1CD0F2CBFE14A00840B3D;
			remoteInfo = "Hesap Makinesi";
		};
/* End PBXContainerItemProxy section */

/* Begin PBXFileReference section */
		14E1CD102CBFE14A00840B3D /* Hesap Makinesi.app */ = {isa = PBXFileReference; explicitFileType = wrapper.application; includeInIndex = 0; path = "Hesap Makinesi.app"; sourceTree = BUILT_PRODUCTS_DIR; };
		14E1CD132CBFE14A00840B3D /* AppDelegate.swift */ = {isa = PBXFileReference; lastKnownFileType = sourcecode.swift; path = AppDelegate.swift; sourceTree = "<group>"; };
		14E1CD152CBFE14A00840B3D /* SceneDelegate.swift */ = {isa = PBXFileReference; lastKnownFileType = sourcecode.swift; path = SceneDelegate.swift; sourceTree = "<group>"; };
		14E1CD172CBFE14A00840B3D /* ViewController.swift */ = {isa = PBXFileReference; lastKnownFileType = sourcecode.swift; path = ViewController.swift; sourceTree = "<group>"; };
		14E1CD1A2CBFE14A00840B3D /* Base */ = {isa = PBXFileReference; lastKnownFileType = file.storyboard; name = Base; path = Base.lproj/Main.storyboard; sourceTree = "<group>"; };
		14E1CD1C2CBFE14B00840B3D /* Assets.xcassets */ = {isa = PBXFileReference; lastKnownFileType = folder.assetcatalog; path = Assets.xcassets; sourceTree = "<group>"; };
		14E1CD1F2CBFE14B00840B3D /* Base */ = {isa = PBXFileReference; lastKnownFileType = file.storyboard; name = Base; path = Base.lproj/LaunchScreen.storyboard; sourceTree = "<group>"; };
		14E1CD212CBFE14B00840B3D /* Info.plist */ = {isa = PBXFileReference; lastKnownFileType = text.plist.xml; path = Info.plist; sourceTree = "<group>"; };
		14E1CD262CBFE14C00840B3D /* Hesap MakinesiTests.xctest */ = {isa = PBXFileReference; explicitFileType = wrapper.cfbundle; includeInIndex = 0; path = "Hesap MakinesiTests.xctest"; sourceTree = BUILT_PRODUCTS_DIR; };
		14E1CD2A2CBFE14C00840B3D /* Hesap_MakinesiTests.swift */ = {isa = PBXFileReference; lastKnownFileType = sourcecode.swift; path = Hesap_MakinesiTests.swift; sourceTree = "<group>"; };
		14E1CD302CBFE14C00840B3D /* Hesap MakinesiUITests.xctest */ = {isa = PBXFileReference; explicitFileType = wrapper.cfbundle; includeInIndex = 0; path = "Hesap MakinesiUITests.xctest"; sourceTree = BUILT_PRODUCTS_DIR; };
		14E1CD342CBFE14C00840B3D /* Hesap_MakinesiUITests.swift */ = {isa = PBXFileReference; lastKnownFileType = sourcecode.swift; path = Hesap_MakinesiUITests.swift; sourceTree = "<group>"; };
		14E1CD362CBFE14C00840B3D /* Hesap_MakinesiUITestsLaunchTests.swift */ = {isa = PBXFileReference; lastKnownFileType = sourcecode.swift; path = Hesap_MakinesiUITestsLaunchTests.swift; sourceTree = "<group>"; };
/* End PBXFileReference section */

/* Begin PBXFrameworksBuildPhase section */
		14E1CD0D2CBFE14A00840B3D /* Frameworks */ = {
			isa = PBXFrameworksBuildPhase;
			buildActionMask = 2147483647;
			files = (
			);
			runOnlyForDeploymentPostprocessing = 0;
		};
		14E1CD232CBFE14C00840B3D /* Frameworks */ = {
			isa = PBXFrameworksBuildPhase;
			buildActionMask = 2147483647;
			files = (
			);
			runOnlyForDeploymentPostprocessing = 0;
		};
		14E1CD2D2CBFE14C00840B3D /* Frameworks */ = {
			isa = PBXFrameworksBuildPhase;
			buildActionMask = 2147483647;
			files = (
			);
			runOnlyForDeploymentPostprocessing = 0;
		};
/* End PBXFrameworksBuildPhase section */

/* Begin PBXGroup section */
		14E1CD072CBFE14A00840B3D = {
			isa = PBXGroup;
			children = (
				14E1CD122CBFE14A00840B3D /* Hesap Makinesi */,
				14E1CD292CBFE14C00840B3D /* Hesap MakinesiTests */,
				14E1CD332CBFE14C00840B3D /* Hesap MakinesiUITests */,
				14E1CD112CBFE14A00840B3D /* Products */,
			);
			sourceTree = "<group>";
		};
		14E1CD112CBFE14A00840B3D /* Products */ = {
			isa = PBXGroup;
			children = (
				14E1CD102CBFE14A00840B3D /* Hesap Makinesi.app */,
				14E1CD262CBFE14C00840B3D /* Hesap MakinesiTests.xctest */,
				14E1CD302CBFE14C00840B3D /* Hesap MakinesiUITests.xctest */,
			);
			name = Products;
			sourceTree = "<group>";
		};
		14E1CD122CBFE14A00840B3D /* Hesap Makinesi */ = {
			isa = PBXGroup;
			children = (
				14E1CD132CBFE14A00840B3D /* AppDelegate.swift */,
				14E1CD152CBFE14A00840B3D /* SceneDelegate.swift */,
				14E1CD172CBFE14A00840B3D /* ViewController.swift */,
				14E1CD192CBFE14A00840B3D /* Main.storyboard */,
				14E1CD1C2CBFE14B00840B3D /* Assets.xcassets */,
				14E1CD1E2CBFE14B00840B3D /* LaunchScreen.storyboard */,
				14E1CD212CBFE14B00840B3D /* Info.plist */,
			);
			path = "Hesap Makinesi";
			sourceTree = "<group>";
		};
		14E1CD292CBFE14C00840B3D /* Hesap MakinesiTests */ = {
			isa = PBXGroup;
			children = (
				14E1CD2A2CBFE14C00840B3D /* Hesap_MakinesiTests.swift */,
			);
			path = "Hesap MakinesiTests";
			sourceTree = "<group>";
		};
		14E1CD332CBFE14C00840B3D /* Hesap MakinesiUITests */ = {
			isa = PBXGroup;
			children = (
				14E1CD342CBFE14C00840B3D /* Hesap_MakinesiUITests.swift */,
				14E1CD362CBFE14C00840B3D /* Hesap_MakinesiUITestsLaunchTests.swift */,
			);
			path = "Hesap MakinesiUITests";
			sourceTree = "<group>";
		};
/* End PBXGroup section */

/* Begin PBXNativeTarget section */
		14E1CD0F2CBFE14A00840B3D /* Hesap Makinesi */ = {
			isa = PBXNativeTarget;
			buildConfigurationList = 14E1CD3A2CBFE14C00840B3D /* Build configuration list for PBXNativeTarget "Hesap Makinesi" */;
			buildPhases = (
				14E1CD0C2CBFE14A00840B3D /* Sources */,
				14E1CD0D2CBFE14A00840B3D /* Frameworks */,
				14E1CD0E2CBFE14A00840B3D /* Resources */,
			);
			buildRules = (
			);
			dependencies = (
			);
			name = "Hesap Makinesi";
			productName = "Hesap Makinesi";
			productReference = 14E1CD102CBFE14A00840B3D /* Hesap Makinesi.app */;
			productType = "com.apple.product-type.application";
		};
		14E1CD252CBFE14C00840B3D /* Hesap MakinesiTests */ = {
			isa = PBXNativeTarget;
			buildConfigurationList = 14E1CD3D2CBFE14C00840B3D /* Build configuration list for PBXNativeTarget "Hesap MakinesiTests" */;
			buildPhases = (
				14E1CD222CBFE14C00840B3D /* Sources */,
				14E1CD232CBFE14C00840B3D /* Frameworks */,
				14E1CD242CBFE14C00840B3D /* Resources */,
			);
			buildRules = (
			);
			dependencies = (
				14E1CD282CBFE14C00840B3D /* PBXTargetDependency */,
			);
			name = "Hesap MakinesiTests";
			productName = "Hesap MakinesiTests";
			productReference = 14E1CD262CBFE14C00840B3D /* Hesap MakinesiTests.xctest */;
			productType = "com.apple.product-type.bundle.unit-test";
		};
		14E1CD2F2CBFE14C00840B3D /* Hesap MakinesiUITests */ = {
			isa = PBXNativeTarget;
			buildConfigurationList = 14E1CD402CBFE14C00840B3D /* Build configuration list for PBXNativeTarget "Hesap MakinesiUITests" */;
			buildPhases = (
				14E1CD2C2CBFE14C00840B3D /* Sources */,
				14E1CD2D2CBFE14C00840B3D /* Frameworks */,
				14E1CD2E2CBFE14C00840B3D /* Resources */,
			);
			buildRules = (
			);
			dependencies = (
				14E1CD322CBFE14C00840B3D /* PBXTargetDependency */,
			);
			name = "Hesap MakinesiUITests";
			productName = "Hesap MakinesiUITests";
			productReference = 14E1CD302CBFE14C00840B3D /* Hesap MakinesiUITests.xctest */;
			productType = "com.apple.product-type.bundle.ui-testing";
		};
/* End PBXNativeTarget section */

/* Begin PBXProject section */
		14E1CD082CBFE14A00840B3D /* Project object */ = {
			isa = PBXProject;
			attributes = {
				BuildIndependentTargetsInParallel = 1;
				LastSwiftUpdateCheck = 1540;
				LastUpgradeCheck = 1540;
				TargetAttributes = {
					14E1CD0F2CBFE14A00840B3D = {
						CreatedOnToolsVersion = 15.4;
					};
					14E1CD252CBFE14C00840B3D = {
						CreatedOnToolsVersion = 15.4;
						TestTargetID = 14E1CD0F2CBFE14A00840B3D;
					};
					14E1CD2F2CBFE14C00840B3D = {
						CreatedOnToolsVersion = 15.4;
						TestTargetID = 14E1CD0F2CBFE14A00840B3D;
					};
				};
			};
			buildConfigurationList = 14E1CD0B2CBFE14A00840B3D /* Build configuration list for PBXProject "Hesap Makinesi" */;
			compatibilityVersion = "Xcode 14.0";
			developmentRegion = en;
			hasScannedForEncodings = 0;
			knownRegions = (
				en,
				Base,
			);
			mainGroup = 14E1CD072CBFE14A00840B3D;
			productRefGroup = 14E1CD112CBFE14A00840B3D /* Products */;
			projectDirPath = "";
			projectRoot = "";
			targets = (
				14E1CD0F2CBFE14A00840B3D /* Hesap Makinesi */,
				14E1CD252CBFE14C00840B3D /* Hesap MakinesiTests */,
				14E1CD2F2CBFE14C00840B3D /* Hesap MakinesiUITests */,
			);
		};
/* End PBXProject section */

/* Begin PBXResourcesBuildPhase section */
		14E1CD0E2CBFE14A00840B3D /* Resources */ = {
			isa = PBXResourcesBuildPhase;
			buildActionMask = 2147483647;
			files = (
				14E1CD1D2CBFE14B00840B3D /* Assets.xcassets in Resources */,
				14E1CD202CBFE14B00840B3D /* Base in Resources */,
				14E1CD1B2CBFE14A00840B3D /* Base in Resources */,
			);
			runOnlyForDeploymentPostprocessing = 0;
		};
		14E1CD242CBFE14C00840B3D /* Resources */ = {
			isa = PBXResourcesBuildPhase;
			buildActionMask = 2147483647;
			files = (
			);
			runOnlyForDeploymentPostprocessing = 0;
		};
		14E1CD2E2CBFE14C00840B3D /* Resources */ = {
			isa = PBXResourcesBuildPhase;
			buildActionMask = 2147483647;
			files = (
			);
			runOnlyForDeploymentPostprocessing = 0;
		};
/* End PBXResourcesBuildPhase section */

/* Begin PBXSourcesBuildPhase section */
		14E1CD0C2CBFE14A00840B3D /* Sources */ = {
			isa = PBXSourcesBuildPhase;
			buildActionMask = 2147483647;
			files = (
				14E1CD182CBFE14A00840B3D /* ViewController.swift in Sources */,
				14E1CD142CBFE14A00840B3D /* AppDelegate.swift in Sources */,
				14E1CD162CBFE14A00840B3D /* SceneDelegate.swift in Sources */,
			);
			runOnlyForDeploymentPostprocessing = 0;
		};
		14E1CD222CBFE14C00840B3D /* Sources */ = {
			isa = PBXSourcesBuildPhase;
			buildActionMask = 2147483647;
			files = (
				14E1CD2B2CBFE14C00840B3D /* Hesap_MakinesiTests.swift in Sources */,
			);
			runOnlyForDeploymentPostprocessing = 0;
		};
		14E1CD2C2CBFE14C00840B3D /* Sources */ = {
			isa = PBXSourcesBuildPhase;
			buildActionMask = 2147483647;
			files = (
				14E1CD352CBFE14C00840B3D /* Hesap_MakinesiUITests.swift in Sources */,
				14E1CD372CBFE14C00840B3D /* Hesap_MakinesiUITestsLaunchTests.swift in Sources */,
			);
			runOnlyForDeploymentPostprocessing = 0;
		};
/* End PBXSourcesBuildPhase section */

/* Begin PBXTargetDependency section */
		14E1CD282CBFE14C00840B3D /* PBXTargetDependency */ = {
			isa = PBXTargetDependency;
			target = 14E1CD0F2CBFE14A00840B3D /* Hesap Makinesi */;
			targetProxy = 14E1CD272CBFE14C00840B3D /* PBXContainerItemProxy */;
		};
		14E1CD322CBFE14C00840B3D /* PBXTargetDependency */ = {
			isa = PBXTargetDependency;
			target = 14E1CD0F2CBFE14A00840B3D /* Hesap Makinesi */;
			targetProxy = 14E1CD312CBFE14C00840B3D /* PBXContainerItemProxy */;
		};
/* End PBXTargetDependency section */

/* Begin PBXVariantGroup section */
		14E1CD192CBFE14A00840B3D /* Main.storyboard */ = {
			isa = PBXVariantGroup;
			children = (
				14E1CD1A2CBFE14A00840B3D /* Base */,
			);
			name = Main.storyboard;
			sourceTree = "<group>";
		};
		14E1CD1E2CBFE14B00840B3D /* LaunchScreen.storyboard */ = {
			isa = PBXVariantGroup;
			children = (
				14E1CD1F2CBFE14B00840B3D /* Base */,
			);
			name = LaunchScreen.storyboard;
			sourceTree = "<group>";
		};
/* End PBXVariantGroup section */

/* Begin XCBuildConfiguration section */
		14E1CD382CBFE14C00840B3D /* Debug */ = {
			isa = XCBuildConfiguration;
			buildSettings = {
				ALWAYS_SEARCH_USER_PATHS = NO;
				ASSETCATALOG_COMPILER_GENERATE_SWIFT_ASSET_SYMBOL_EXTENSIONS = YES;
				CLANG_ANALYZER_NONNULL = YES;
				CLANG_ANALYZER_NUMBER_OBJECT_CONVERSION = YES_AGGRESSIVE;
				CLANG_CXX_LANGUAGE_STANDARD = "gnu++20";
				CLANG_ENABLE_MODULES = YES;
				CLANG_ENABLE_OBJC_ARC = YES;
				CLANG_ENABLE_OBJC_WEAK = YES;
				CLANG_WARN_BLOCK_CAPTURE_AUTORELEASING = YES;
				CLANG_WARN_BOOL_CONVERSION = YES;
				CLANG_WARN_COMMA = YES;
				CLANG_WARN_CONSTANT_CONVERSION = YES;
				CLANG_WARN_DEPRECATED_OBJC_IMPLEMENTATIONS = YES;
				CLANG_WARN_DIRECT_OBJC_ISA_USAGE = YES_ERROR;
				CLANG_WARN_DOCUMENTATION_COMMENTS = YES;
				CLANG_WARN_EMPTY_BODY = YES;
				CLANG_WARN_ENUM_CONVERSION = YES;
				CLANG_WARN_INFINITE_RECURSION = YES;
				CLANG_WARN_INT_CONVERSION = YES;
				CLANG_WARN_NON_LITERAL_NULL_CONVERSION = YES;
				CLANG_WARN_OBJC_IMPLICIT_RETAIN_SELF = YES;
				CLANG_WARN_OBJC_LITERAL_CONVERSION = YES;
				CLANG_WARN_OBJC_ROOT_CLASS = YES_ERROR;
				CLANG_WARN_QUOTED_INCLUDE_IN_FRAMEWORK_HEADER = YES;
				CLANG_WARN_RANGE_LOOP_ANALYSIS = YES;
				CLANG_WARN_STRICT_PROTOTYPES = YES;
				CLANG_WARN_SUSPICIOUS_MOVE = YES;
				CLANG_WARN_UNGUARDED_AVAILABILITY = YES_AGGRESSIVE;
				CLANG_WARN_UNREACHABLE_CODE = YES;
				CLANG_WARN__DUPLICATE_METHOD_MATCH = YES;
				COPY_PHASE_STRIP = NO;
				DEBUG_INFORMATION_FORMAT = dwarf;
				ENABLE_STRICT_OBJC_MSGSEND = YES;
				ENABLE_TESTABILITY = YES;
				ENABLE_USER_SCRIPT_SANDBOXING = YES;
				GCC_C_LANGUAGE_STANDARD = gnu17;
				GCC_DYNAMIC_NO_PIC = NO;
				GCC_NO_COMMON_BLOCKS = YES;
				GCC_OPTIMIZATION_LEVEL = 0;
				GCC_PREPROCESSOR_DEFINITIONS = (
					"DEBUG=1",
					"$(inherited)",
				);
				GCC_WARN_64_TO_32_BIT_CONVERSION = YES;
				GCC_WARN_ABOUT_RETURN_TYPE = YES_ERROR;
				GCC_WARN_UNDECLARED_SELECTOR = YES;
				GCC_WARN_UNINITIALIZED_AUTOS = YES_AGGRESSIVE;
				GCC_WARN_UNUSED_FUNCTION = YES;
				GCC_WARN_UNUSED_VARIABLE = YES;
				IPHONEOS_DEPLOYMENT_TARGET = 17.5;
				LOCALIZATION_PREFERS_STRING_CATALOGS = YES;
				MTL_ENABLE_DEBUG_INFO = INCLUDE_SOURCE;
				MTL_FAST_MATH = YES;
				ONLY_ACTIVE_ARCH = YES;
				SDKROOT = iphoneos;
				SWIFT_ACTIVE_COMPILATION_CONDITIONS = "DEBUG $(inherited)";
				SWIFT_OPTIMIZATION_LEVEL = "-Onone";
			};
			name = Debug;
		};
		14E1CD392CBFE14C00840B3D /* Release */ = {
			isa = XCBuildConfiguration;
			buildSettings = {
				ALWAYS_SEARCH_USER_PATHS = NO;
				ASSETCATALOG_COMPILER_GENERATE_SWIFT_ASSET_SYMBOL_EXTENSIONS = YES;
				CLANG_ANALYZER_NONNULL = YES;
				CLANG_ANALYZER_NUMBER_OBJECT_CONVERSION = YES_AGGRESSIVE;
				CLANG_CXX_LANGUAGE_STANDARD = "gnu++20";
				CLANG_ENABLE_MODULES = YES;
				CLANG_ENABLE_OBJC_ARC = YES;
				CLANG_ENABLE_OBJC_WEAK = YES;
				CLANG_WARN_BLOCK_CAPTURE_AUTORELEASING = YES;
				CLANG_WARN_BOOL_CONVERSION = YES;
				CLANG_WARN_COMMA = YES;
				CLANG_WARN_CONSTANT_CONVERSION = YES;
				CLANG_WARN_DEPRECATED_OBJC_IMPLEMENTATIONS = YES;
				CLANG_WARN_DIRECT_OBJC_ISA_USAGE = YES_ERROR;
				CLANG_WARN_DOCUMENTATION_COMMENTS = YES;
				CLANG_WARN_EMPTY_BODY = YES;
				CLANG_WARN_ENUM_CONVERSION = YES;
				CLANG_WARN_INFINITE_RECURSION = YES;
				CLANG_WARN_INT_CONVERSION = YES;
				CLANG_WARN_NON_LITERAL_NULL_CONVERSION = YES;
				CLANG_WARN_OBJC_IMPLICIT_RETAIN_SELF = YES;
				CLANG_WARN_OBJC_LITERAL_CONVERSION = YES;
				CLANG_WARN_OBJC_ROOT_CLASS = YES_ERROR;
				CLANG_WARN_QUOTED_INCLUDE_IN_FRAMEWORK_HEADER = YES;
				CLANG_WARN_RANGE_LOOP_ANALYSIS = YES;
				CLANG_WARN_STRICT_PROTOTYPES = YES;
				CLANG_WARN_SUSPICIOUS_MOVE = YES;
				CLANG_WARN_UNGUARDED_AVAILABILITY = YES_AGGRESSIVE;
				CLANG_WARN_UNREACHABLE_CODE = YES;
				CLANG_WARN__DUPLICATE_METHOD_MATCH = YES;
				COPY_PHASE_STRIP = NO;
				DEBUG_INFORMATION_FORMAT = "dwarf-with-dsym";
				ENABLE_NS_ASSERTIONS = NO;
				ENABLE_STRICT_OBJC_MSGSEND = YES;
				ENABLE_USER_SCRIPT_SANDBOXING = YES;
				GCC_C_LANGUAGE_STANDARD = gnu17;
				GCC_NO_COMMON_BLOCKS = YES;
				GCC_WARN_64_TO_32_BIT_CONVERSION = YES;
				GCC_WARN_ABOUT_RETURN_TYPE = YES_ERROR;
				GCC_WARN_UNDECLARED_SELECTOR = YES;
				GCC_WARN_UNINITIALIZED_AUTOS = YES_AGGRESSIVE;
				GCC_WARN_UNUSED_FUNCTION = YES;
				GCC_WARN_UNUSED_VARIABLE = YES;
				IPHONEOS_DEPLOYMENT_TARGET = 17.5;
				LOCALIZATION_PREFERS_STRING_CATALOGS = YES;
				MTL_ENABLE_DEBUG_INFO = NO;
				MTL_FAST_MATH = YES;
				SDKROOT = iphoneos;
				SWIFT_COMPILATION_MODE = wholemodule;
				VALIDATE_PRODUCT = YES;
			};
			name = Release;
		};
		14E1CD3B2CBFE14C00840B3D /* Debug */ = {
			isa = XCBuildConfiguration;
			buildSettings = {
				ASSETCATALOG_COMPILER_APPICON_NAME = AppIcon;
				ASSETCATALOG_COMPILER_GLOBAL_ACCENT_COLOR_NAME = AccentColor;
				CODE_SIGN_STYLE = Automatic;
				CURRENT_PROJECT_VERSION = 1;
				GENERATE_INFOPLIST_FILE = YES;
				INFOPLIST_FILE = "Hesap Makinesi/Info.plist";
				INFOPLIST_KEY_UIApplicationSupportsIndirectInputEvents = YES;
				INFOPLIST_KEY_UILaunchStoryboardName = LaunchScreen;
				INFOPLIST_KEY_UIMainStoryboardFile = Main;
				INFOPLIST_KEY_UISupportedInterfaceOrientations_iPad = "UIInterfaceOrientationPortrait UIInterfaceOrientationPortraitUpsideDown UIInterfaceOrientationLandscapeLeft UIInterfaceOrientationLandscapeRight";
				INFOPLIST_KEY_UISupportedInterfaceOrientations_iPhone = "UIInterfaceOrientationPortrait UIInterfaceOrientationLandscapeLeft UIInterfaceOrientationLandscapeRight";
				LD_RUNPATH_SEARCH_PATHS = (
					"$(inherited)",
					"@executable_path/Frameworks",
				);
				MARKETING_VERSION = 1.0;
				PRODUCT_BUNDLE_IDENTIFIER = "Poyraz.Hesap-Makinesi";
				PRODUCT_NAME = "$(TARGET_NAME)";
				SWIFT_EMIT_LOC_STRINGS = YES;
				SWIFT_VERSION = 5.0;
				TARGETED_DEVICE_FAMILY = "1,2";
			};
			name = Debug;
		};
		14E1CD3C2CBFE14C00840B3D /* Release */ = {
			isa = XCBuildConfiguration;
			buildSettings = {
				ASSETCATALOG_COMPILER_APPICON_NAME = AppIcon;
				ASSETCATALOG_COMPILER_GLOBAL_ACCENT_COLOR_NAME = AccentColor;
				CODE_SIGN_STYLE = Automatic;
				CURRENT_PROJECT_VERSION = 1;
				GENERATE_INFOPLIST_FILE = YES;
				INFOPLIST_FILE = "Hesap Makinesi/Info.plist";
				INFOPLIST_KEY_UIApplicationSupportsIndirectInputEvents = YES;
				INFOPLIST_KEY_UILaunchStoryboardName = LaunchScreen;
				INFOPLIST_KEY_UIMainStoryboardFile = Main;
				INFOPLIST_KEY_UISupportedInterfaceOrientations_iPad = "UIInterfaceOrientationPortrait UIInterfaceOrientationPortraitUpsideDown UIInterfaceOrientationLandscapeLeft UIInterfaceOrientationLandscapeRight";
				INFOPLIST_KEY_UISupportedInterfaceOrientations_iPhone = "UIInterfaceOrientationPortrait UIInterfaceOrientationLandscapeLeft UIInterfaceOrientationLandscapeRight";
				LD_RUNPATH_SEARCH_PATHS = (
					"$(inherited)",
					"@executable_path/Frameworks",
				);
				MARKETING_VERSION = 1.0;
				PRODUCT_BUNDLE_IDENTIFIER = "Poyraz.Hesap-Makinesi";
				PRODUCT_NAME = "$(TARGET_NAME)";
				SWIFT_EMIT_LOC_STRINGS = YES;
				SWIFT_VERSION = 5.0;
				TARGETED_DEVICE_FAMILY = "1,2";
			};
			name = Release;
		};
		14E1CD3E2CBFE14C00840B3D /* Debug */ = {
			isa = XCBuildConfiguration;
			buildSettings = {
				ALWAYS_EMBED_SWIFT_STANDARD_LIBRARIES = YES;
				BUNDLE_LOADER = "$(TEST_HOST)";
				CODE_SIGN_STYLE = Automatic;
				CURRENT_PROJECT_VERSION = 1;
				GENERATE_INFOPLIST_FILE = YES;
				IPHONEOS_DEPLOYMENT_TARGET = 17.5;
				MARKETING_VERSION = 1.0;
				PRODUCT_BUNDLE_IDENTIFIER = "Poyraz.Hesap-MakinesiTests";
				PRODUCT_NAME = "$(TARGET_NAME)";
				SWIFT_EMIT_LOC_STRINGS = NO;
				SWIFT_VERSION = 5.0;
				TARGETED_DEVICE_FAMILY = "1,2";
				TEST_HOST = "$(BUILT_PRODUCTS_DIR)/Hesap Makinesi.app/$(BUNDLE_EXECUTABLE_FOLDER_PATH)/Hesap Makinesi";
			};
			name = Debug;
		};
		14E1CD3F2CBFE14C00840B3D /* Release */ = {
			isa = XCBuildConfiguration;
			buildSettings = {
				ALWAYS_EMBED_SWIFT_STANDARD_LIBRARIES = YES;
				BUNDLE_LOADER = "$(TEST_HOST)";
				CODE_SIGN_STYLE = Automatic;
				CURRENT_PROJECT_VERSION = 1;
				GENERATE_INFOPLIST_FILE = YES;
				IPHONEOS_DEPLOYMENT_TARGET = 17.5;
				MARKETING_VERSION = 1.0;
				PRODUCT_BUNDLE_IDENTIFIER = "Poyraz.Hesap-MakinesiTests";
				PRODUCT_NAME = "$(TARGET_NAME)";
				SWIFT_EMIT_LOC_STRINGS = NO;
				SWIFT_VERSION = 5.0;
				TARGETED_DEVICE_FAMILY = "1,2";
				TEST_HOST = "$(BUILT_PRODUCTS_DIR)/Hesap Makinesi.app/$(BUNDLE_EXECUTABLE_FOLDER_PATH)/Hesap Makinesi";
			};
			name = Release;
		};
		14E1CD412CBFE14C00840B3D /* Debug */ = {
			isa = XCBuildConfiguration;
			buildSettings = {
				ALWAYS_EMBED_SWIFT_STANDARD_LIBRARIES = YES;
				CODE_SIGN_STYLE = Automatic;
				CURRENT_PROJECT_VERSION = 1;
				GENERATE_INFOPLIST_FILE = YES;
				MARKETING_VERSION = 1.0;
				PRODUCT_BUNDLE_IDENTIFIER = "Poyraz.Hesap-MakinesiUITests";
				PRODUCT_NAME = "$(TARGET_NAME)";
				SWIFT_EMIT_LOC_STRINGS = NO;
				SWIFT_VERSION = 5.0;
				TARGETED_DEVICE_FAMILY = "1,2";
				TEST_TARGET_NAME = "Hesap Makinesi";
			};
			name = Debug;
		};
		14E1CD422CBFE14C00840B3D /* Release */ = {
			isa = XCBuildConfiguration;
			buildSettings = {
				ALWAYS_EMBED_SWIFT_STANDARD_LIBRARIES = YES;
				CODE_SIGN_STYLE = Automatic;
				CURRENT_PROJECT_VERSION = 1;
				GENERATE_INFOPLIST_FILE = YES;
				MARKETING_VERSION = 1.0;
				PRODUCT_BUNDLE_IDENTIFIER = "Poyraz.Hesap-MakinesiUITests";
				PRODUCT_NAME = "$(TARGET_NAME)";
				SWIFT_EMIT_LOC_STRINGS = NO;
				SWIFT_VERSION = 5.0;
				TARGETED_DEVICE_FAMILY = "1,2";
				TEST_TARGET_NAME = "Hesap Makinesi";
			};
			name = Release;
		};
/* End XCBuildConfiguration section */

/* Begin XCConfigurationList section */
		14E1CD0B2CBFE14A00840B3D /* Build configuration list for PBXProject "Hesap Makinesi" */ = {
			isa = XCConfigurationList;
			buildConfigurations = (
				14E1CD382CBFE14C00840B3D /* Debug */,
				14E1CD392CBFE14C00840B3D /* Release */,
			);
			defaultConfigurationIsVisible = 0;
			defaultConfigurationName = Release;
		};
		14E1CD3A2CBFE14C00840B3D /* Build configuration list for PBXNativeTarget "Hesap Makinesi" */ = {
			isa = XCConfigurationList;
			buildConfigurations = (
				14E1CD3B2CBFE14C00840B3D /* Debug */,
				14E1CD3C2CBFE14C00840B3D /* Release */,
			);
			defaultConfigurationIsVisible = 0;
			defaultConfigurationName = Release;
		};
		14E1CD3D2CBFE14C00840B3D /* Build configuration list for PBXNativeTarget "Hesap MakinesiTests" */ = {
			isa = XCConfigurationList;
			buildConfigurations = (
				14E1CD3E2CBFE14C00840B3D /* Debug */,
				14E1CD3F2CBFE14C00840B3D /* Release */,
			);
			defaultConfigurationIsVisible = 0;
			defaultConfigurationName = Release;
		};
		14E1CD402CBFE14C00840B3D /* Build configuration list for PBXNativeTarget "Hesap MakinesiUITests" */ = {
			isa = XCConfigurationList;
			buildConfigurations = (
				14E1CD412CBFE14C00840B3D /* Debug */,
				14E1CD422CBFE14C00840B3D /* Release */,
			);
			defaultConfigurationIsVisible = 0;
			defaultConfigurationName = Release;
		};
/* End XCConfigurationList section */
	};
	rootObject = 14E1CD082CBFE14A00840B3D /* Project object */;
}
